
Microsoft Visual Studio Solution File, Format Version 12.00
# Visual Studio 15
VisualStudioVersion = 15.0.28307.271
MinimumVisualStudioVersion = 10.0.40219.1
Project("{2150E333-8FDC-42A3-9474-1A3956D46DE8}") = "Source", "Source", "{730AA2B6-9A1C-42CE-9323-D6B98A766A9F}"
	ProjectSection(SolutionItems) = preProject
		Source\DataContractHessianSerializer.cs = Source\DataContractHessianSerializer.cs
		Source\DisposableStreamHandler.cs = Source\DisposableStreamHandler.cs
		Source\HessianInputReader.cs = Source\HessianInputReader.cs
		Source\HessianObjectSerializerFactory.cs = Source\HessianObjectSerializerFactory.cs
		Source\HessianObjectWriterFactory.ObjectWriters.cs = Source\HessianObjectWriterFactory.ObjectWriters.cs
		Source\HessianOutputWriter.cs = Source\HessianOutputWriter.cs
		Source\HessianSerializationContext.cs = Source\HessianSerializationContext.cs
		Source\HessianSerializationScheme.cs = Source\HessianSerializationScheme.cs
		Source\HessianSerializerException.cs = Source\HessianSerializerException.cs
		Source\HessianSerializerSettings.cs = Source\HessianSerializerSettings.cs
		Source\IObjectSerializer.cs = Source\IObjectSerializer.cs
		Source\IObjectSerializerFactory.cs = Source\IObjectSerializerFactory.cs
		Source\ISerializationElement.cs = Source\ISerializationElement.cs
		Source\LeadingByte.cs = Source\LeadingByte.cs
		Source\Marker.cs = Source\Marker.cs
		Source\ObjectElement.cs = Source\ObjectElement.cs
		Source\ObjectPreamble.cs = Source\ObjectPreamble.cs
		Source\ObjectPropertyComparer.cs = Source\ObjectPropertyComparer.cs
		Source\PropertyElement.cs = Source\PropertyElement.cs
		Source\Throw.cs = Source\Throw.cs
		Source\ValueElement.cs = Source\ValueElement.cs
	EndProjectSection
EndProject
Project("{2150E333-8FDC-42A3-9474-1A3956D46DE8}") = "Specification", "Specification", "{A22BD69A-0B1E-4E0E-B448-105CB81791D6}"
	ProjectSection(SolutionItems) = preProject
		Source\Specification\AndSpecification.cs = Source\Specification\AndSpecification.cs
		Source\Specification\BinarySpecification.cs = Source\Specification\BinarySpecification.cs
		Source\Specification\ISpecification.cs = Source\Specification\ISpecification.cs
		Source\Specification\NotSpecification.cs = Source\Specification\NotSpecification.cs
		Source\Specification\OrSpecification.cs = Source\Specification\OrSpecification.cs
		Source\Specification\Specification.cs = Source\Specification\Specification.cs
		Source\Specification\SpecificationExtension.cs = Source\Specification\SpecificationExtension.cs
	EndProjectSection
EndProject
Project("{2150E333-8FDC-42A3-9474-1A3956D46DE8}") = "Extension", "Extension", "{99113836-36D8-43C2-A0DB-CCF26F6FF0D8}"
	ProjectSection(SolutionItems) = preProject
		Source\Extension\DateTimeExtension.cs = Source\Extension\DateTimeExtension.cs
		Source\Extension\Maybe.cs = Source\Extension\Maybe.cs
	EndProjectSection
EndProject
Project("{2150E333-8FDC-42A3-9474-1A3956D46DE8}") = "Solution Items", "Solution Items", "{4093B042-2C09-4B39-9250-767A9CAB5680}"
	ProjectSection(SolutionItems) = preProject
		azure-pipelines.yml = azure-pipelines.yml
		README.md = README.md
	EndProjectSection
EndProject
Project("{9A19103F-16F7-4668-BE54-9A1E7A4F7556}") = "LibraProgramming.Serialization.Hessian", "LibraProgramming.Serialization.Hessian\LibraProgramming.Serialization.Hessian.csproj", "{71187323-5D85-4A59-B336-8FA0332DC2F9}"
EndProject
Project("{2150E333-8FDC-42A3-9474-1A3956D46DE8}") = "Builds", "Builds", "{C9D09987-C5E2-4D43-A6A4-7A51E1B68237}"
	ProjectSection(SolutionItems) = preProject
		Builds\build.ps1 = Builds\build.ps1
		psake.psm1 = psake.psm1
		Builds\run.build.ps1 = Builds\run.build.ps1
		version.json = version.json
	EndProjectSection
EndProject
Global
	GlobalSection(SolutionConfigurationPlatforms) = preSolution
		Debug|Any CPU = Debug|Any CPU
		Debug|ARM = Debug|ARM
		Debug|x64 = Debug|x64
		Debug|x86 = Debug|x86
		Release|Any CPU = Release|Any CPU
		Release|ARM = Release|ARM
		Release|x64 = Release|x64
		Release|x86 = Release|x86
	EndGlobalSection
	GlobalSection(ProjectConfigurationPlatforms) = postSolution
		{71187323-5D85-4A59-B336-8FA0332DC2F9}.Debug|Any CPU.ActiveCfg = Debug|Any CPU
		{71187323-5D85-4A59-B336-8FA0332DC2F9}.Debug|Any CPU.Build.0 = Debug|Any CPU
		{71187323-5D85-4A59-B336-8FA0332DC2F9}.Debug|ARM.ActiveCfg = Debug|Any CPU
		{71187323-5D85-4A59-B336-8FA0332DC2F9}.Debug|ARM.Build.0 = Debug|Any CPU
		{71187323-5D85-4A59-B336-8FA0332DC2F9}.Debug|x64.ActiveCfg = Debug|Any CPU
		{71187323-5D85-4A59-B336-8FA0332DC2F9}.Debug|x64.Build.0 = Debug|Any CPU
		{71187323-5D85-4A59-B336-8FA0332DC2F9}.Debug|x86.ActiveCfg = Debug|Any CPU
		{71187323-5D85-4A59-B336-8FA0332DC2F9}.Debug|x86.Build.0 = Debug|Any CPU
		{71187323-5D85-4A59-B336-8FA0332DC2F9}.Release|Any CPU.ActiveCfg = Release|Any CPU
		{71187323-5D85-4A59-B336-8FA0332DC2F9}.Release|Any CPU.Build.0 = Release|Any CPU
		{71187323-5D85-4A59-B336-8FA0332DC2F9}.Release|ARM.ActiveCfg = Release|Any CPU
		{71187323-5D85-4A59-B336-8FA0332DC2F9}.Release|ARM.Build.0 = Release|Any CPU
		{71187323-5D85-4A59-B336-8FA0332DC2F9}.Release|x64.ActiveCfg = Release|Any CPU
		{71187323-5D85-4A59-B336-8FA0332DC2F9}.Release|x64.Build.0 = Release|Any CPU
		{71187323-5D85-4A59-B336-8FA0332DC2F9}.Release|x86.ActiveCfg = Release|Any CPU
		{71187323-5D85-4A59-B336-8FA0332DC2F9}.Release|x86.Build.0 = Release|Any CPU
	EndGlobalSection
	GlobalSection(SolutionProperties) = preSolution
		HideSolutionNode = FALSE
	EndGlobalSection
	GlobalSection(NestedProjects) = preSolution
		{A22BD69A-0B1E-4E0E-B448-105CB81791D6} = {730AA2B6-9A1C-42CE-9323-D6B98A766A9F}
		{99113836-36D8-43C2-A0DB-CCF26F6FF0D8} = {730AA2B6-9A1C-42CE-9323-D6B98A766A9F}
		{C9D09987-C5E2-4D43-A6A4-7A51E1B68237} = {4093B042-2C09-4B39-9250-767A9CAB5680}
	EndGlobalSection
	GlobalSection(ExtensibilityGlobals) = postSolution
		SolutionGuid = {18AF71D8-5B48-4551-849B-0FCD1AA1C447}
	EndGlobalSection
EndGlobal
