
Microsoft Visual Studio Solution File, Format Version 12.00
# Visual Studio 15
VisualStudioVersion = 15.0.28307.271
MinimumVisualStudioVersion = 10.0.40219.1
Project("{2150E333-8FDC-42A3-9474-1A3956D46DE8}") = "Solution Items", "Solution Items", "{4093B042-2C09-4B39-9250-767A9CAB5680}"
	ProjectSection(SolutionItems) = preProject
		azure-pipelines.yml = azure-pipelines.yml
		README.md = README.md
	EndProjectSection
EndProject
Project("{2150E333-8FDC-42A3-9474-1A3956D46DE8}") = "Builds", "Builds", "{C9D09987-C5E2-4D43-A6A4-7A51E1B68237}"
	ProjectSection(SolutionItems) = preProject
		Builds\build.ps1 = Builds\build.ps1
		psake.psm1 = psake.psm1
		Builds\run.build.ps1 = Builds\run.build.ps1
		version.json = version.json
	EndProjectSection
EndProject
Project("{2150E333-8FDC-42A3-9474-1A3956D46DE8}") = "Source", "Source", "{FA363527-27A3-4023-8854-EC894C461D4F}"
EndProject
Project("{9A19103F-16F7-4668-BE54-9A1E7A4F7556}") = "LibraProgramming.Serialization.Hessian", "Source\LibraProgramming.Serialization.Hessian.csproj", "{9F2DAD1D-8535-446C-9621-0A12AF227C54}"
EndProject
Project("{2150E333-8FDC-42A3-9474-1A3956D46DE8}") = "Tests", "Tests", "{6C2273D4-4533-4CD0-A695-25A4C0272D59}"
EndProject
Project("{9A19103F-16F7-4668-BE54-9A1E7A4F7556}") = "LibraProgramming.Serialization.Tests", "Tests\LibraProgramming.Serialization.Tests.csproj", "{8E187A2F-971B-4AEC-A365-A9F9E4512543}"
EndProject
Global
	GlobalSection(SolutionConfigurationPlatforms) = preSolution
		Debug|Any CPU = Debug|Any CPU
		Release|Any CPU = Release|Any CPU
	EndGlobalSection
	GlobalSection(ProjectConfigurationPlatforms) = postSolution
		{9F2DAD1D-8535-446C-9621-0A12AF227C54}.Debug|Any CPU.ActiveCfg = Debug|Any CPU
		{9F2DAD1D-8535-446C-9621-0A12AF227C54}.Debug|Any CPU.Build.0 = Debug|Any CPU
		{9F2DAD1D-8535-446C-9621-0A12AF227C54}.Release|Any CPU.ActiveCfg = Release|Any CPU
		{9F2DAD1D-8535-446C-9621-0A12AF227C54}.Release|Any CPU.Build.0 = Release|Any CPU
		{8E187A2F-971B-4AEC-A365-A9F9E4512543}.Debug|Any CPU.ActiveCfg = Debug|Any CPU
		{8E187A2F-971B-4AEC-A365-A9F9E4512543}.Debug|Any CPU.Build.0 = Debug|Any CPU
		{8E187A2F-971B-4AEC-A365-A9F9E4512543}.Release|Any CPU.ActiveCfg = Release|Any CPU
		{8E187A2F-971B-4AEC-A365-A9F9E4512543}.Release|Any CPU.Build.0 = Release|Any CPU
	EndGlobalSection
	GlobalSection(SolutionProperties) = preSolution
		HideSolutionNode = FALSE
	EndGlobalSection
	GlobalSection(NestedProjects) = preSolution
		{C9D09987-C5E2-4D43-A6A4-7A51E1B68237} = {4093B042-2C09-4B39-9250-767A9CAB5680}
		{9F2DAD1D-8535-446C-9621-0A12AF227C54} = {FA363527-27A3-4023-8854-EC894C461D4F}
		{8E187A2F-971B-4AEC-A365-A9F9E4512543} = {6C2273D4-4533-4CD0-A695-25A4C0272D59}
	EndGlobalSection
	GlobalSection(ExtensibilityGlobals) = postSolution
		SolutionGuid = {18AF71D8-5B48-4551-849B-0FCD1AA1C447}
	EndGlobalSection
EndGlobal
